// !$*UTF8*$!
{
	archiveVersion = 1;
	classes = {
	};
	objectVersion = 77;
	objects = {

/* Begin PBXBuildFile section */
		03E54933B17112A32F52AC16 /* WeatherCore in Frameworks */ = {isa = PBXBuildFile; productRef = 1CBDE6A9AC2E3C62CCA72662 /* WeatherCore */; };
		0665449C524AFA1AF531246D /* BoatPleasantnessAppTests.swift in Sources */ = {isa = PBXBuildFile; fileRef = E7E698182C7CC3A1AFD629DA /* BoatPleasantnessAppTests.swift */; };
		296CAD2D06DDC31741FF1EB0 /* AppModel.swift in Sources */ = {isa = PBXBuildFile; fileRef = 25F91FDA5969BBABC378F713 /* AppModel.swift */; };
		49DB5B12EFDF35DAA901AF7F /* ContentView.swift in Sources */ = {isa = PBXBuildFile; fileRef = 444FB354CC078160934E30A8 /* ContentView.swift */; };
		70FFDEF72DB02A78A685F0B6 /* PleasantnessEngine in Frameworks */ = {isa = PBXBuildFile; productRef = AB08B943D01DB019827C61D5 /* PleasantnessEngine */; };
		DF0350FF6AC6A41E1C6A923B /* BoatPleasantnessApp.swift in Sources */ = {isa = PBXBuildFile; fileRef = FF561805D859C10C05837408 /* BoatPleasantnessApp.swift */; };
/* End PBXBuildFile section */

/* Begin PBXContainerItemProxy section */
		E46A2A790AADF4B547194658 /* PBXContainerItemProxy */ = {
			isa = PBXContainerItemProxy;
			containerPortal = F48FE3F5343F6BE5D4BBD4AB /* Project object */;
			proxyType = 1;
			remoteGlobalIDString = 6924609B3F141EEED07621C0;
			remoteInfo = BoatPleasantnessApp;
		};
/* End PBXContainerItemProxy section */

/* Begin PBXFileReference section */
		1C357CAA64D5706D9248348E /* BoatPleasantnessApp.app */ = {isa = PBXFileReference; includeInIndex = 0; lastKnownFileType = wrapper.application; path = BoatPleasantnessApp.app; sourceTree = BUILT_PRODUCTS_DIR; };
		25F91FDA5969BBABC378F713 /* AppModel.swift */ = {isa = PBXFileReference; lastKnownFileType = sourcecode.swift; path = AppModel.swift; sourceTree = "<group>"; };
		444FB354CC078160934E30A8 /* ContentView.swift */ = {isa = PBXFileReference; lastKnownFileType = sourcecode.swift; path = ContentView.swift; sourceTree = "<group>"; };
		646260433EE5E911E6E0BE92 /* BoatPleasantnessKit */ = {isa = PBXFileReference; lastKnownFileType = folder; name = BoatPleasantnessKit; path = BoatPleasantnessKit; sourceTree = SOURCE_ROOT; };
		97F0B159EA3B1F71377B3EFD /* Debug.xcconfig */ = {isa = PBXFileReference; lastKnownFileType = text.xcconfig; path = Debug.xcconfig; sourceTree = "<group>"; };
		E54BB15AD8C5683D56E82E85 /* Release.xcconfig */ = {isa = PBXFileReference; lastKnownFileType = text.xcconfig; path = Release.xcconfig; sourceTree = "<group>"; };
		E7E698182C7CC3A1AFD629DA /* BoatPleasantnessAppTests.swift */ = {isa = PBXFileReference; lastKnownFileType = sourcecode.swift; path = BoatPleasantnessAppTests.swift; sourceTree = "<group>"; };
		EC5DC18089EB91BC216C4762 /* BoatPleasantnessAppTests.xctest */ = {isa = PBXFileReference; includeInIndex = 0; lastKnownFileType = wrapper.cfbundle; path = BoatPleasantnessAppTests.xctest; sourceTree = BUILT_PRODUCTS_DIR; };
		FF561805D859C10C05837408 /* BoatPleasantnessApp.swift */ = {isa = PBXFileReference; lastKnownFileType = sourcecode.swift; path = BoatPleasantnessApp.swift; sourceTree = "<group>"; };
/* End PBXFileReference section */

/* Begin PBXFrameworksBuildPhase section */
		09C146D217174489564241BA /* Frameworks */ = {
			isa = PBXFrameworksBuildPhase;
			buildActionMask = 2147483647;
			files = (
				70FFDEF72DB02A78A685F0B6 /* PleasantnessEngine in Frameworks */,
				03E54933B17112A32F52AC16 /* WeatherCore in Frameworks */,
			);
			runOnlyForDeploymentPostprocessing = 0;
		};
/* End PBXFrameworksBuildPhase section */

/* Begin PBXGroup section */
		484B1451ED468C2A4C96D133 /* Sources */ = {
			isa = PBXGroup;
			children = (
				25F91FDA5969BBABC378F713 /* AppModel.swift */,
				FF561805D859C10C05837408 /* BoatPleasantnessApp.swift */,
				444FB354CC078160934E30A8 /* ContentView.swift */,
			);
			name = Sources;
			path = BoatPleasantnessApp/Sources;
			sourceTree = "<group>";
		};
		6CCBA66DD498B9656DA78B60 = {
			isa = PBXGroup;
			children = (
				CE15FBDE6D0738FA755A7018 /* Config */,
				703D5B0FEF99D58F8A73F91D /* Packages */,
				484B1451ED468C2A4C96D133 /* Sources */,
				D3E75371A4E0F5104B26B528 /* Tests */,
				87E75548AC10E25AE0CF04B6 /* Products */,
			);
			sourceTree = "<group>";
		};
		703D5B0FEF99D58F8A73F91D /* Packages */ = {
			isa = PBXGroup;
			children = (
				646260433EE5E911E6E0BE92 /* BoatPleasantnessKit */,
			);
			name = Packages;
			sourceTree = "<group>";
		};
		87E75548AC10E25AE0CF04B6 /* Products */ = {
			isa = PBXGroup;
			children = (
				1C357CAA64D5706D9248348E /* BoatPleasantnessApp.app */,
				EC5DC18089EB91BC216C4762 /* BoatPleasantnessAppTests.xctest */,
			);
			name = Products;
			sourceTree = "<group>";
		};
		CE15FBDE6D0738FA755A7018 /* Config */ = {
			isa = PBXGroup;
			children = (
				97F0B159EA3B1F71377B3EFD /* Debug.xcconfig */,
				E54BB15AD8C5683D56E82E85 /* Release.xcconfig */,
			);
			name = Config;
			path = BoatPleasantnessApp/Config;
			sourceTree = "<group>";
		};
		D3E75371A4E0F5104B26B528 /* Tests */ = {
			isa = PBXGroup;
			children = (
				E7E698182C7CC3A1AFD629DA /* BoatPleasantnessAppTests.swift */,
			);
			name = Tests;
			path = BoatPleasantnessApp/Tests;
			sourceTree = "<group>";
		};
/* End PBXGroup section */

/* Begin PBXNativeTarget section */
		6924609B3F141EEED07621C0 /* BoatPleasantnessApp */ = {
			isa = PBXNativeTarget;
			buildConfigurationList = C35F74E828B96B3CAA5AD965 /* Build configuration list for PBXNativeTarget "BoatPleasantnessApp" */;
			buildPhases = (
				3D05AADE439067A1F6DE2474 /* Sources */,
				09C146D217174489564241BA /* Frameworks */,
			);
			buildRules = (
			);
			dependencies = (
			);
			name = BoatPleasantnessApp;
			packageProductDependencies = (
				AB08B943D01DB019827C61D5 /* PleasantnessEngine */,
				1CBDE6A9AC2E3C62CCA72662 /* WeatherCore */,
			);
			productName = BoatPleasantnessApp;
			productReference = 1C357CAA64D5706D9248348E /* BoatPleasantnessApp.app */;
			productType = "com.apple.product-type.application";
		};
		F240487E9B4C0AD43A7898D5 /* BoatPleasantnessAppTests */ = {
			isa = PBXNativeTarget;
			buildConfigurationList = E0DDFC7B7DA81D938541299D /* Build configuration list for PBXNativeTarget "BoatPleasantnessAppTests" */;
			buildPhases = (
				1F92176EE21830810C5E21EE /* Sources */,
			);
			buildRules = (
			);
			dependencies = (
				BF0A1F5F4D25F52229CC4076 /* PBXTargetDependency */,
			);
			name = BoatPleasantnessAppTests;
			packageProductDependencies = (
			);
			productName = BoatPleasantnessAppTests;
			productReference = EC5DC18089EB91BC216C4762 /* BoatPleasantnessAppTests.xctest */;
			productType = "com.apple.product-type.bundle.unit-test";
		};
/* End PBXNativeTarget section */

/* Begin PBXProject section */
		F48FE3F5343F6BE5D4BBD4AB /* Project object */ = {
			isa = PBXProject;
			attributes = {
				BuildIndependentTargetsInParallel = YES;
				LastUpgradeCheck = 1430;
				TargetAttributes = {
					6924609B3F141EEED07621C0 = {
						DevelopmentTeam = "";
						ProvisioningStyle = Automatic;
					};
				};
			};
			buildConfigurationList = A97E3B4A136852B9D3600AF1 /* Build configuration list for PBXProject "BoatPleasantness" */;
			developmentRegion = en;
			hasScannedForEncodings = 0;
			knownRegions = (
				Base,
				en,
			);
			mainGroup = 6CCBA66DD498B9656DA78B60;
			minimizedProjectReferenceProxies = 1;
			packageReferences = (
				EC25A2171AB81019EF67C088 /* XCLocalSwiftPackageReference "BoatPleasantnessKit" */,
			);
			preferredProjectObjectVersion = 77;
			productRefGroup = 87E75548AC10E25AE0CF04B6 /* Products */;
			projectDirPath = "";
			projectRoot = "";
			targets = (
				6924609B3F141EEED07621C0 /* BoatPleasantnessApp */,
				F240487E9B4C0AD43A7898D5 /* BoatPleasantnessAppTests */,
			);
		};
/* End PBXProject section */

/* Begin PBXSourcesBuildPhase section */
		1F92176EE21830810C5E21EE /* Sources */ = {
			isa = PBXSourcesBuildPhase;
			buildActionMask = 2147483647;
			files = (
				0665449C524AFA1AF531246D /* BoatPleasantnessAppTests.swift in Sources */,
			);
			runOnlyForDeploymentPostprocessing = 0;
		};
		3D05AADE439067A1F6DE2474 /* Sources */ = {
			isa = PBXSourcesBuildPhase;
			buildActionMask = 2147483647;
			files = (
				296CAD2D06DDC31741FF1EB0 /* AppModel.swift in Sources */,
				DF0350FF6AC6A41E1C6A923B /* BoatPleasantnessApp.swift in Sources */,
				49DB5B12EFDF35DAA901AF7F /* ContentView.swift in Sources */,
			);
			runOnlyForDeploymentPostprocessing = 0;
		};
/* End PBXSourcesBuildPhase section */

/* Begin PBXTargetDependency section */
		BF0A1F5F4D25F52229CC4076 /* PBXTargetDependency */ = {
			isa = PBXTargetDependency;
			target = 6924609B3F141EEED07621C0 /* BoatPleasantnessApp */;
			targetProxy = E46A2A790AADF4B547194658 /* PBXContainerItemProxy */;
		};
/* End PBXTargetDependency section */

/* Begin XCBuildConfiguration section */
		4BF3B9327F32381E73713846 /* Release */ = {
			isa = XCBuildConfiguration;
			buildSettings = {
				ALWAYS_SEARCH_USER_PATHS = NO;
				CLANG_ANALYZER_NONNULL = YES;
				CLANG_ANALYZER_NUMBER_OBJECT_CONVERSION = YES_AGGRESSIVE;
				CLANG_CXX_LANGUAGE_STANDARD = "gnu++14";
				CLANG_CXX_LIBRARY = "libc++";
				CLANG_ENABLE_MODULES = YES;
				CLANG_ENABLE_OBJC_ARC = YES;
				CLANG_ENABLE_OBJC_WEAK = YES;
				CLANG_WARN_BLOCK_CAPTURE_AUTORELEASING = YES;
				CLANG_WARN_BOOL_CONVERSION = YES;
				CLANG_WARN_COMMA = YES;
				CLANG_WARN_CONSTANT_CONVERSION = YES;
				CLANG_WARN_DEPRECATED_OBJC_IMPLEMENTATIONS = YES;
				CLANG_WARN_DIRECT_OBJC_ISA_USAGE = YES_ERROR;
				CLANG_WARN_DOCUMENTATION_COMMENTS = YES;
				CLANG_WARN_EMPTY_BODY = YES;
				CLANG_WARN_ENUM_CONVERSION = YES;
				CLANG_WARN_INFINITE_RECURSION = YES;
				CLANG_WARN_INT_CONVERSION = YES;
				CLANG_WARN_NON_LITERAL_NULL_CONVERSION = YES;
				CLANG_WARN_OBJC_IMPLICIT_RETAIN_SELF = YES;
				CLANG_WARN_OBJC_LITERAL_CONVERSION = YES;
				CLANG_WARN_OBJC_ROOT_CLASS = YES_ERROR;
				CLANG_WARN_QUOTED_INCLUDE_IN_FRAMEWORK_HEADER = YES;
				CLANG_WARN_RANGE_LOOP_ANALYSIS = YES;
				CLANG_WARN_STRICT_PROTOTYPES = YES;
				CLANG_WARN_SUSPICIOUS_MOVE = YES;
				CLANG_WARN_UNGUARDED_AVAILABILITY = YES_AGGRESSIVE;
				CLANG_WARN_UNREACHABLE_CODE = YES;
				CLANG_WARN__DUPLICATE_METHOD_MATCH = YES;
				COPY_PHASE_STRIP = NO;
				DEBUG_INFORMATION_FORMAT = "dwarf-with-dsym";
				ENABLE_NS_ASSERTIONS = NO;
				ENABLE_STRICT_OBJC_MSGSEND = YES;
				GCC_C_LANGUAGE_STANDARD = gnu11;
				GCC_NO_COMMON_BLOCKS = YES;
				GCC_WARN_64_TO_32_BIT_CONVERSION = YES;
				GCC_WARN_ABOUT_RETURN_TYPE = YES_ERROR;
				GCC_WARN_UNDECLARED_SELECTOR = YES;
				GCC_WARN_UNINITIALIZED_AUTOS = YES_AGGRESSIVE;
				GCC_WARN_UNUSED_FUNCTION = YES;
				GCC_WARN_UNUSED_VARIABLE = YES;
				IPHONEOS_DEPLOYMENT_TARGET = 17.0;
				MTL_ENABLE_DEBUG_INFO = NO;
				MTL_FAST_MATH = YES;
				PRODUCT_NAME = "$(TARGET_NAME)";
				SDKROOT = iphoneos;
				SWIFT_COMPILATION_MODE = wholemodule;
				SWIFT_OPTIMIZATION_LEVEL = "-O";
				SWIFT_VERSION = 5.0;
			};
			name = Release;
		};
		649BF8DA046A06D8F12FFC7D /* Debug */ = {
			isa = XCBuildConfiguration;
			buildSettings = {
				BUNDLE_LOADER = "$(TEST_HOST)";
				LD_RUNPATH_SEARCH_PATHS = (
					"$(inherited)",
					"@executable_path/Frameworks",
					"@loader_path/Frameworks",
				);
				SDKROOT = iphoneos;
				TARGETED_DEVICE_FAMILY = "1,2";
				TEST_HOST = "$(BUILT_PRODUCTS_DIR)/BoatPleasantnessApp.app/BoatPleasantnessApp";
			};
			name = Debug;
		};
		6B18F52BE511434D8BC9E1E4 /* Release */ = {
			isa = XCBuildConfiguration;
			baseConfigurationReference = E54BB15AD8C5683D56E82E85 /* Release.xcconfig */;
			buildSettings = {
				ASSETCATALOG_COMPILER_APPICON_NAME = AppIcon;
				ASSETCATALOG_COMPILER_GLOBAL_ACCENT_COLOR_NAME = AccentColor;
				CODE_SIGN_IDENTITY = "iPhone Developer";
				CODE_SIGN_STYLE = Automatic;
				CURRENT_PROJECT_VERSION = 1;
				INFOPLIST_FILE = BoatPleasantnessApp/Resources/Info.plist;
				LD_RUNPATH_SEARCH_PATHS = (
					"$(inherited)",
					"@executable_path/Frameworks",
				);
				MARKETING_VERSION = 0.1.0;
				PRODUCT_BUNDLE_IDENTIFIER = com.hmalc.BoatPleasantness;
				PRODUCT_NAME = BoatPleasantness;
				SDKROOT = iphoneos;
				SWIFT_VERSION = 5.1;
				TARGETED_DEVICE_FAMILY = "1,2";
			};
			name = Release;
		};
		DDC86D9EA8D82F2A61F96FF5 /* Release */ = {
			isa = XCBuildConfiguration;
			buildSettings = {
				BUNDLE_LOADER = "$(TEST_HOST)";
				LD_RUNPATH_SEARCH_PATHS = (
					"$(inherited)",
					"@executable_path/Frameworks",
					"@loader_path/Frameworks",
				);
				SDKROOT = iphoneos;
				TARGETED_DEVICE_FAMILY = "1,2";
				TEST_HOST = "$(BUILT_PRODUCTS_DIR)/BoatPleasantnessApp.app/BoatPleasantnessApp";
			};
			name = Release;
		};
		E42B6ECC9D62929F52551C7C /* Debug */ = {
			isa = XCBuildConfiguration;
			baseConfigurationReference = 97F0B159EA3B1F71377B3EFD /* Debug.xcconfig */;
			buildSettings = {
				ASSETCATALOG_COMPILER_APPICON_NAME = AppIcon;
				ASSETCATALOG_COMPILER_GLOBAL_ACCENT_COLOR_NAME = AccentColor;
				CODE_SIGN_IDENTITY = "iPhone Developer";
				CODE_SIGN_STYLE = Automatic;
				CURRENT_PROJECT_VERSION = 1;
				INFOPLIST_FILE = BoatPleasantnessApp/Resources/Info.plist;
				LD_RUNPATH_SEARCH_PATHS = (
					"$(inherited)",
					"@executable_path/Frameworks",
				);
				MARKETING_VERSION = 0.1.0;
				PRODUCT_BUNDLE_IDENTIFIER = com.hmalc.BoatPleasantness;
				PRODUCT_NAME = BoatPleasantness;
				SDKROOT = iphoneos;
				SWIFT_VERSION = 5.1;
				TARGETED_DEVICE_FAMILY = "1,2";
			};
			name = Debug;
		};
		FBE23A39AAEA9FF62F2427A8 /* Debug */ = {
			isa = XCBuildConfiguration;
			buildSettings = {
				ALWAYS_SEARCH_USER_PATHS = NO;
				CLANG_ANALYZER_NONNULL = YES;
				CLANG_ANALYZER_NUMBER_OBJECT_CONVERSION = YES_AGGRESSIVE;
				CLANG_CXX_LANGUAGE_STANDARD = "gnu++14";
				CLANG_CXX_LIBRARY = "libc++";
				CLANG_ENABLE_MODULES = YES;
				CLANG_ENABLE_OBJC_ARC = YES;
				CLANG_ENABLE_OBJC_WEAK = YES;
				CLANG_WARN_BLOCK_CAPTURE_AUTORELEASING = YES;
				CLANG_WARN_BOOL_CONVERSION = YES;
				CLANG_WARN_COMMA = YES;
				CLANG_WARN_CONSTANT_CONVERSION = YES;
				CLANG_WARN_DEPRECATED_OBJC_IMPLEMENTATIONS = YES;
				CLANG_WARN_DIRECT_OBJC_ISA_USAGE = YES_ERROR;
				CLANG_WARN_DOCUMENTATION_COMMENTS = YES;
				CLANG_WARN_EMPTY_BODY = YES;
				CLANG_WARN_ENUM_CONVERSION = YES;
				CLANG_WARN_INFINITE_RECURSION = YES;
				CLANG_WARN_INT_CONVERSION = YES;
				CLANG_WARN_NON_LITERAL_NULL_CONVERSION = YES;
				CLANG_WARN_OBJC_IMPLICIT_RETAIN_SELF = YES;
				CLANG_WARN_OBJC_LITERAL_CONVERSION = YES;
				CLANG_WARN_OBJC_ROOT_CLASS = YES_ERROR;
				CLANG_WARN_QUOTED_INCLUDE_IN_FRAMEWORK_HEADER = YES;
				CLANG_WARN_RANGE_LOOP_ANALYSIS = YES;
				CLANG_WARN_STRICT_PROTOTYPES = YES;
				CLANG_WARN_SUSPICIOUS_MOVE = YES;
				CLANG_WARN_UNGUARDED_AVAILABILITY = YES_AGGRESSIVE;
				CLANG_WARN_UNREACHABLE_CODE = YES;
				CLANG_WARN__DUPLICATE_METHOD_MATCH = YES;
				COPY_PHASE_STRIP = NO;
				DEBUG_INFORMATION_FORMAT = dwarf;
				ENABLE_STRICT_OBJC_MSGSEND = YES;
				ENABLE_TESTABILITY = YES;
				GCC_C_LANGUAGE_STANDARD = gnu11;
				GCC_DYNAMIC_NO_PIC = NO;
				GCC_NO_COMMON_BLOCKS = YES;
				GCC_OPTIMIZATION_LEVEL = 0;
				GCC_PREPROCESSOR_DEFINITIONS = (
					"$(inherited)",
					"DEBUG=1",
				);
				GCC_WARN_64_TO_32_BIT_CONVERSION = YES;
				GCC_WARN_ABOUT_RETURN_TYPE = YES_ERROR;
				GCC_WARN_UNDECLARED_SELECTOR = YES;
				GCC_WARN_UNINITIALIZED_AUTOS = YES_AGGRESSIVE;
				GCC_WARN_UNUSED_FUNCTION = YES;
				GCC_WARN_UNUSED_VARIABLE = YES;
				IPHONEOS_DEPLOYMENT_TARGET = 17.0;
				MTL_ENABLE_DEBUG_INFO = INCLUDE_SOURCE;
				MTL_FAST_MATH = YES;
				ONLY_ACTIVE_ARCH = YES;
				PRODUCT_NAME = "$(TARGET_NAME)";
				SDKROOT = iphoneos;
				SWIFT_ACTIVE_COMPILATION_CONDITIONS = DEBUG;
				SWIFT_OPTIMIZATION_LEVEL = "-Onone";
				SWIFT_VERSION = 5.0;
			};
			name = Debug;
		};
/* End XCBuildConfiguration section */

/* Begin XCConfigurationList section */
		A97E3B4A136852B9D3600AF1 /* Build configuration list for PBXProject "BoatPleasantness" */ = {
			isa = XCConfigurationList;
			buildConfigurations = (
				FBE23A39AAEA9FF62F2427A8 /* Debug */,
				4BF3B9327F32381E73713846 /* Release */,
			);
			defaultConfigurationIsVisible = 0;
			defaultConfigurationName = Debug;
		};
		C35F74E828B96B3CAA5AD965 /* Build configuration list for PBXNativeTarget "BoatPleasantnessApp" */ = {
			isa = XCConfigurationList;
			buildConfigurations = (
				E42B6ECC9D62929F52551C7C /* Debug */,
				6B18F52BE511434D8BC9E1E4 /* Release */,
			);
			defaultConfigurationIsVisible = 0;
			defaultConfigurationName = Debug;
		};
		E0DDFC7B7DA81D938541299D /* Build configuration list for PBXNativeTarget "BoatPleasantnessAppTests" */ = {
			isa = XCConfigurationList;
			buildConfigurations = (
				649BF8DA046A06D8F12FFC7D /* Debug */,
				DDC86D9EA8D82F2A61F96FF5 /* Release */,
			);
			defaultConfigurationIsVisible = 0;
			defaultConfigurationName = Debug;
		};
/* End XCConfigurationList section */

/* Begin XCLocalSwiftPackageReference section */
		EC25A2171AB81019EF67C088 /* XCLocalSwiftPackageReference "BoatPleasantnessKit" */ = {
			isa = XCLocalSwiftPackageReference;
			relativePath = BoatPleasantnessKit;
		};
/* End XCLocalSwiftPackageReference section */

/* Begin XCSwiftPackageProductDependency section */
		1CBDE6A9AC2E3C62CCA72662 /* WeatherCore */ = {
			isa = XCSwiftPackageProductDependency;
			productName = WeatherCore;
		};
		AB08B943D01DB019827C61D5 /* PleasantnessEngine */ = {
			isa = XCSwiftPackageProductDependency;
			productName = PleasantnessEngine;
		};
/* End XCSwiftPackageProductDependency section */
	};
	rootObject = F48FE3F5343F6BE5D4BBD4AB /* Project object */;
}
